
Microsoft Visual Studio Solution File, Format Version 12.00
# Visual Studio Version 17
VisualStudioVersion = 17.13.35825.156 d17.13
MinimumVisualStudioVersion = 10.0.40219.1
Project("{FAE04EC0-301F-11D3-BF4B-00C04F79EFBC}") = "ExpensesWebApp", "ExpensesWebApp.csproj", "{59E99006-7E51-4318-BE8E-89110A4D5DBC}"
EndProject
Global
	GlobalSection(SolutionConfigurationPlatforms) = preSolution
		Debug|Any CPU = Debug|Any CPU
		Release|Any CPU = Release|Any CPU
	EndGlobalSection
	GlobalSection(ProjectConfigurationPlatforms) = postSolution
		{59E99006-7E51-4318-BE8E-89110A4D5DBC}.Debug|Any CPU.ActiveCfg = Debug|Any CPU
		{59E99006-7E51-4318-BE8E-89110A4D5DBC}.Debug|Any CPU.Build.0 = Debug|Any CPU
		{59E99006-7E51-4318-BE8E-89110A4D5DBC}.Release|Any CPU.ActiveCfg = Release|Any CPU
		{59E99006-7E51-4318-BE8E-89110A4D5DBC}.Release|Any CPU.Build.0 = Release|Any CPU
	EndGlobalSection
	GlobalSection(SolutionProperties) = preSolution
		HideSolutionNode = FALSE
	EndGlobalSection
	GlobalSection(ExtensibilityGlobals) = postSolution
		SolutionGuid = {DC0038FD-1875-4F24-8C66-B095138DF08A}
	EndGlobalSection
EndGlobal
